
Microsoft Visual Studio Solution File, Format Version 12.00
# Visual Studio Version 17
VisualStudioVersion = 17.14.36414.22 d17.14
MinimumVisualStudioVersion = 10.0.40219.1
Project("{FAE04EC0-301F-11D3-BF4B-00C04F79EFBC}") = "Bakery", "Bakery.csproj", "{B8AADE1E-E139-3473-7DBC-AE94313E5727}"
EndProject
Global
	GlobalSection(SolutionConfigurationPlatforms) = preSolution
		Debug|Any CPU = Debug|Any CPU
		Release|Any CPU = Release|Any CPU
	EndGlobalSection
	GlobalSection(ProjectConfigurationPlatforms) = postSolution
		{B8AADE1E-E139-3473-7DBC-AE94313E5727}.Debug|Any CPU.ActiveCfg = Debug|Any CPU
		{B8AADE1E-E139-3473-7DBC-AE94313E5727}.Debug|Any CPU.Build.0 = Debug|Any CPU
		{B8AADE1E-E139-3473-7DBC-AE94313E5727}.Release|Any CPU.ActiveCfg = Release|Any CPU
		{B8AADE1E-E139-3473-7DBC-AE94313E5727}.Release|Any CPU.Build.0 = Release|Any CPU
	EndGlobalSection
	GlobalSection(SolutionProperties) = preSolution
		HideSolutionNode = FALSE
	EndGlobalSection
	GlobalSection(ExtensibilityGlobals) = postSolution
		SolutionGuid = {E77DDF3A-AF0C-46B1-8DF7-203DDF2645BF}
	EndGlobalSection
EndGlobal
